
Microsoft Visual Studio Solution File, Format Version 12.00
# Visual Studio 15
VisualStudioVersion = 15.0.27130.2024
MinimumVisualStudioVersion = 10.0.40219.1
Project("{FAE04EC0-301F-11D3-BF4B-00C04F79EFBC}") = "MentoringApp", "MentoringApp\MentoringApp.csproj", "{D76E0465-7AB7-48A6-AD64-68FBAEF0A697}"
EndProject
Global
	GlobalSection(SolutionConfigurationPlatforms) = preSolution
		Debug|Any CPU = Debug|Any CPU
		Release|Any CPU = Release|Any CPU
	EndGlobalSection
	GlobalSection(ProjectConfigurationPlatforms) = postSolution
		{D76E0465-7AB7-48A6-AD64-68FBAEF0A697}.Debug|Any CPU.ActiveCfg = Debug|Any CPU
		{D76E0465-7AB7-48A6-AD64-68FBAEF0A697}.Debug|Any CPU.Build.0 = Debug|Any CPU
		{D76E0465-7AB7-48A6-AD64-68FBAEF0A697}.Release|Any CPU.ActiveCfg = Release|Any CPU
		{D76E0465-7AB7-48A6-AD64-68FBAEF0A697}.Release|Any CPU.Build.0 = Release|Any CPU
	EndGlobalSection
	GlobalSection(SolutionProperties) = preSolution
		HideSolutionNode = FALSE
	EndGlobalSection
	GlobalSection(ExtensibilityGlobals) = postSolution
		SolutionGuid = {FD16B84B-19FA-4422-8E1F-CB170D0C56A8}
	EndGlobalSection
EndGlobal
